// !$*UTF8*$!
{
	archiveVersion = 1;
	classes = {
	};
	objectVersion = 56;
	objects = {

/* Begin PBXBuildFile section */
		5F30B95A2B3EA00100936F5B /* LoginEmailCell.swift in Sources */ = {isa = PBXBuildFile; fileRef = 5F30B9482B3EA00000936F5B /* LoginEmailCell.swift */; };
		5F30B95B2B3EA00100936F5B /* SignCell.swift in Sources */ = {isa = PBXBuildFile; fileRef = 5F30B9492B3EA00000936F5B /* SignCell.swift */; };
		5F30B95C2B3EA00100936F5B /* LoginJWTCell.swift in Sources */ = {isa = PBXBuildFile; fileRef = 5F30B94A2B3EA00000936F5B /* LoginJWTCell.swift */; };
		5F30B95D2B3EA00100936F5B /* LoginPresetCell.swift in Sources */ = {isa = PBXBuildFile; fileRef = 5F30B94B2B3EA00000936F5B /* LoginPresetCell.swift */; };
		5F30B95E2B3EA00100936F5B /* LoginSocialCell.swift in Sources */ = {isa = PBXBuildFile; fileRef = 5F30B94C2B3EA00000936F5B /* LoginSocialCell.swift */; };
		5F30B95F2B3EA00100936F5B /* LanguageTestViewController.swift in Sources */ = {isa = PBXBuildFile; fileRef = 5F30B94E2B3EA00100936F5B /* LanguageTestViewController.swift */; };
		5F30B9602B3EA00100936F5B /* HelperTestViewController.swift in Sources */ = {isa = PBXBuildFile; fileRef = 5F30B94F2B3EA00100936F5B /* HelperTestViewController.swift */; };
		5F30B9612B3EA00100936F5B /* SolanaWalletSignTestViewController.swift in Sources */ = {isa = PBXBuildFile; fileRef = 5F30B9502B3EA00100936F5B /* SolanaWalletSignTestViewController.swift */; };
		5F30B9622B3EA00100936F5B /* EVMWalletSignTestViewController.swift in Sources */ = {isa = PBXBuildFile; fileRef = 5F30B9512B3EA00100936F5B /* EVMWalletSignTestViewController.swift */; };
		5F30B9632B3EA00100936F5B /* ApperanceTestViewController.swift in Sources */ = {isa = PBXBuildFile; fileRef = 5F30B9522B3EA00100936F5B /* ApperanceTestViewController.swift */; };
		5F30B9642B3EA00100936F5B /* MainViewController.swift in Sources */ = {isa = PBXBuildFile; fileRef = 5F30B9532B3EA00100936F5B /* MainViewController.swift */; };
		5F30B9652B3EA00100936F5B /* OtherAPITestViewController.swift in Sources */ = {isa = PBXBuildFile; fileRef = 5F30B9542B3EA00100936F5B /* OtherAPITestViewController.swift */; };
		5F30B9662B3EA00100936F5B /* TestViewController.swift in Sources */ = {isa = PBXBuildFile; fileRef = 5F30B9552B3EA00100936F5B /* TestViewController.swift */; };
		5F30B9672B3EA00100936F5B /* LoginTestViewController.swift in Sources */ = {isa = PBXBuildFile; fileRef = 5F30B9562B3EA00100936F5B /* LoginTestViewController.swift */; };
		5F30B9682B3EA00100936F5B /* SignMessagePage.swift in Sources */ = {isa = PBXBuildFile; fileRef = 5F30B9572B3EA00100936F5B /* SignMessagePage.swift */; };
		5F30B9692B3EA00100936F5B /* LogoutTestViewController.swift in Sources */ = {isa = PBXBuildFile; fileRef = 5F30B9582B3EA00100936F5B /* LogoutTestViewController.swift */; };
		5F30B96A2B3EA00100936F5B /* SwitchChainViewController.swift in Sources */ = {isa = PBXBuildFile; fileRef = 5F30B9592B3EA00100936F5B /* SwitchChainViewController.swift */; };
		5F30B96C2B3EA02100936F5B /* ToastTest.swift in Sources */ = {isa = PBXBuildFile; fileRef = 5F30B96B2B3EA02100936F5B /* ToastTest.swift */; };
		5F30B96E2B3EA09B00936F5B /* LoginHeaderView.swift in Sources */ = {isa = PBXBuildFile; fileRef = 5F30B96D2B3EA09A00936F5B /* LoginHeaderView.swift */; };
		5FABA4CA2A7757AD008F7D57 /* AppDelegate.swift in Sources */ = {isa = PBXBuildFile; fileRef = 5FABA4C92A7757AD008F7D57 /* AppDelegate.swift */; };
		5FABA4CC2A7757AD008F7D57 /* SceneDelegate.swift in Sources */ = {isa = PBXBuildFile; fileRef = 5FABA4CB2A7757AD008F7D57 /* SceneDelegate.swift */; };
		5FABA4D12A7757AD008F7D57 /* Main.storyboard in Resources */ = {isa = PBXBuildFile; fileRef = 5FABA4CF2A7757AD008F7D57 /* Main.storyboard */; };
		5FABA4D32A7757AE008F7D57 /* Assets.xcassets in Resources */ = {isa = PBXBuildFile; fileRef = 5FABA4D22A7757AE008F7D57 /* Assets.xcassets */; };
		5FABA4D62A7757AE008F7D57 /* LaunchScreen.storyboard in Resources */ = {isa = PBXBuildFile; fileRef = 5FABA4D42A7757AE008F7D57 /* LaunchScreen.storyboard */; };
		5FABA4F92A775C7D008F7D57 /* ParticleNetwork-Info.plist in Resources */ = {isa = PBXBuildFile; fileRef = 5FABA4F82A775C7D008F7D57 /* ParticleNetwork-Info.plist */; };
		69A2E045B98C8E8A7AD446B1 /* Pods_Demo.framework in Frameworks */ = {isa = PBXBuildFile; fileRef = F06720E780DA9B7BA63AB2FD /* Pods_Demo.framework */; };
/* End PBXBuildFile section */

/* Begin PBXFileReference section */
		5F30B9482B3EA00000936F5B /* LoginEmailCell.swift */ = {isa = PBXFileReference; fileEncoding = 4; lastKnownFileType = sourcecode.swift; path = LoginEmailCell.swift; sourceTree = "<group>"; };
		5F30B9492B3EA00000936F5B /* SignCell.swift */ = {isa = PBXFileReference; fileEncoding = 4; lastKnownFileType = sourcecode.swift; path = SignCell.swift; sourceTree = "<group>"; };
		5F30B94A2B3EA00000936F5B /* LoginJWTCell.swift */ = {isa = PBXFileReference; fileEncoding = 4; lastKnownFileType = sourcecode.swift; path = LoginJWTCell.swift; sourceTree = "<group>"; };
		5F30B94B2B3EA00000936F5B /* LoginPresetCell.swift */ = {isa = PBXFileReference; fileEncoding = 4; lastKnownFileType = sourcecode.swift; path = LoginPresetCell.swift; sourceTree = "<group>"; };
		5F30B94C2B3EA00000936F5B /* LoginSocialCell.swift */ = {isa = PBXFileReference; fileEncoding = 4; lastKnownFileType = sourcecode.swift; path = LoginSocialCell.swift; sourceTree = "<group>"; };
		5F30B94E2B3EA00100936F5B /* LanguageTestViewController.swift */ = {isa = PBXFileReference; fileEncoding = 4; lastKnownFileType = sourcecode.swift; path = LanguageTestViewController.swift; sourceTree = "<group>"; };
		5F30B94F2B3EA00100936F5B /* HelperTestViewController.swift */ = {isa = PBXFileReference; fileEncoding = 4; lastKnownFileType = sourcecode.swift; path = HelperTestViewController.swift; sourceTree = "<group>"; };
		5F30B9502B3EA00100936F5B /* SolanaWalletSignTestViewController.swift */ = {isa = PBXFileReference; fileEncoding = 4; lastKnownFileType = sourcecode.swift; path = SolanaWalletSignTestViewController.swift; sourceTree = "<group>"; };
		5F30B9512B3EA00100936F5B /* EVMWalletSignTestViewController.swift */ = {isa = PBXFileReference; fileEncoding = 4; lastKnownFileType = sourcecode.swift; path = EVMWalletSignTestViewController.swift; sourceTree = "<group>"; };
		5F30B9522B3EA00100936F5B /* ApperanceTestViewController.swift */ = {isa = PBXFileReference; fileEncoding = 4; lastKnownFileType = sourcecode.swift; path = ApperanceTestViewController.swift; sourceTree = "<group>"; };
		5F30B9532B3EA00100936F5B /* MainViewController.swift */ = {isa = PBXFileReference; fileEncoding = 4; lastKnownFileType = sourcecode.swift; path = MainViewController.swift; sourceTree = "<group>"; };
		5F30B9542B3EA00100936F5B /* OtherAPITestViewController.swift */ = {isa = PBXFileReference; fileEncoding = 4; lastKnownFileType = sourcecode.swift; path = OtherAPITestViewController.swift; sourceTree = "<group>"; };
		5F30B9552B3EA00100936F5B /* TestViewController.swift */ = {isa = PBXFileReference; fileEncoding = 4; lastKnownFileType = sourcecode.swift; path = TestViewController.swift; sourceTree = "<group>"; };
		5F30B9562B3EA00100936F5B /* LoginTestViewController.swift */ = {isa = PBXFileReference; fileEncoding = 4; lastKnownFileType = sourcecode.swift; path = LoginTestViewController.swift; sourceTree = "<group>"; };
		5F30B9572B3EA00100936F5B /* SignMessagePage.swift */ = {isa = PBXFileReference; fileEncoding = 4; lastKnownFileType = sourcecode.swift; path = SignMessagePage.swift; sourceTree = "<group>"; };
		5F30B9582B3EA00100936F5B /* LogoutTestViewController.swift */ = {isa = PBXFileReference; fileEncoding = 4; lastKnownFileType = sourcecode.swift; path = LogoutTestViewController.swift; sourceTree = "<group>"; };
		5F30B9592B3EA00100936F5B /* SwitchChainViewController.swift */ = {isa = PBXFileReference; fileEncoding = 4; lastKnownFileType = sourcecode.swift; path = SwitchChainViewController.swift; sourceTree = "<group>"; };
		5F30B96B2B3EA02100936F5B /* ToastTest.swift */ = {isa = PBXFileReference; fileEncoding = 4; lastKnownFileType = sourcecode.swift; path = ToastTest.swift; sourceTree = "<group>"; };
		5F30B96D2B3EA09A00936F5B /* LoginHeaderView.swift */ = {isa = PBXFileReference; fileEncoding = 4; lastKnownFileType = sourcecode.swift; path = LoginHeaderView.swift; sourceTree = "<group>"; };
		5FABA4C62A7757AD008F7D57 /* Demo.app */ = {isa = PBXFileReference; explicitFileType = wrapper.application; includeInIndex = 0; path = Demo.app; sourceTree = BUILT_PRODUCTS_DIR; };
		5FABA4C92A7757AD008F7D57 /* AppDelegate.swift */ = {isa = PBXFileReference; lastKnownFileType = sourcecode.swift; path = AppDelegate.swift; sourceTree = "<group>"; };
		5FABA4CB2A7757AD008F7D57 /* SceneDelegate.swift */ = {isa = PBXFileReference; lastKnownFileType = sourcecode.swift; path = SceneDelegate.swift; sourceTree = "<group>"; };
		5FABA4D02A7757AD008F7D57 /* Base */ = {isa = PBXFileReference; lastKnownFileType = file.storyboard; name = Base; path = Base.lproj/Main.storyboard; sourceTree = "<group>"; };
		5FABA4D22A7757AE008F7D57 /* Assets.xcassets */ = {isa = PBXFileReference; lastKnownFileType = folder.assetcatalog; path = Assets.xcassets; sourceTree = "<group>"; };
		5FABA4D52A7757AE008F7D57 /* Base */ = {isa = PBXFileReference; lastKnownFileType = file.storyboard; name = Base; path = Base.lproj/LaunchScreen.storyboard; sourceTree = "<group>"; };
		5FABA4D72A7757AE008F7D57 /* Info.plist */ = {isa = PBXFileReference; lastKnownFileType = text.plist.xml; path = Info.plist; sourceTree = "<group>"; };
		5FABA4F82A775C7D008F7D57 /* ParticleNetwork-Info.plist */ = {isa = PBXFileReference; fileEncoding = 4; lastKnownFileType = text.plist.xml; path = "ParticleNetwork-Info.plist"; sourceTree = "<group>"; };
		85B80309DAE2B8A6A0C809B4 /* Pods-Demo.release.xcconfig */ = {isa = PBXFileReference; includeInIndex = 1; lastKnownFileType = text.xcconfig; name = "Pods-Demo.release.xcconfig"; path = "Target Support Files/Pods-Demo/Pods-Demo.release.xcconfig"; sourceTree = "<group>"; };
		C7AEFE0172E98BC35192F024 /* Pods-Demo.debug.xcconfig */ = {isa = PBXFileReference; includeInIndex = 1; lastKnownFileType = text.xcconfig; name = "Pods-Demo.debug.xcconfig"; path = "Target Support Files/Pods-Demo/Pods-Demo.debug.xcconfig"; sourceTree = "<group>"; };
		F06720E780DA9B7BA63AB2FD /* Pods_Demo.framework */ = {isa = PBXFileReference; explicitFileType = wrapper.framework; includeInIndex = 0; path = Pods_Demo.framework; sourceTree = BUILT_PRODUCTS_DIR; };
/* End PBXFileReference section */

/* Begin PBXFrameworksBuildPhase section */
		5FABA4C32A7757AD008F7D57 /* Frameworks */ = {
			isa = PBXFrameworksBuildPhase;
			buildActionMask = 2147483647;
			files = (
				69A2E045B98C8E8A7AD446B1 /* Pods_Demo.framework in Frameworks */,
			);
			runOnlyForDeploymentPostprocessing = 0;
		};
/* End PBXFrameworksBuildPhase section */

/* Begin PBXGroup section */
		17B4C308E06C3B22A1254DC0 /* Pods */ = {
			isa = PBXGroup;
			children = (
				C7AEFE0172E98BC35192F024 /* Pods-Demo.debug.xcconfig */,
				85B80309DAE2B8A6A0C809B4 /* Pods-Demo.release.xcconfig */,
			);
			path = Pods;
			sourceTree = "<group>";
		};
		5F30B9472B3EA00000936F5B /* View */ = {
			isa = PBXGroup;
			children = (
				5F30B9482B3EA00000936F5B /* LoginEmailCell.swift */,
				5F30B9492B3EA00000936F5B /* SignCell.swift */,
				5F30B94A2B3EA00000936F5B /* LoginJWTCell.swift */,
				5F30B94B2B3EA00000936F5B /* LoginPresetCell.swift */,
				5F30B94C2B3EA00000936F5B /* LoginSocialCell.swift */,
				5F30B96D2B3EA09A00936F5B /* LoginHeaderView.swift */,
			);
			path = View;
			sourceTree = "<group>";
		};
		5F30B94D2B3EA00100936F5B /* VC */ = {
			isa = PBXGroup;
			children = (
				5F30B94E2B3EA00100936F5B /* LanguageTestViewController.swift */,
				5F30B94F2B3EA00100936F5B /* HelperTestViewController.swift */,
				5F30B9502B3EA00100936F5B /* SolanaWalletSignTestViewController.swift */,
				5F30B9512B3EA00100936F5B /* EVMWalletSignTestViewController.swift */,
				5F30B9522B3EA00100936F5B /* ApperanceTestViewController.swift */,
				5F30B9532B3EA00100936F5B /* MainViewController.swift */,
				5F30B9542B3EA00100936F5B /* OtherAPITestViewController.swift */,
				5F30B9552B3EA00100936F5B /* TestViewController.swift */,
				5F30B9562B3EA00100936F5B /* LoginTestViewController.swift */,
				5F30B9572B3EA00100936F5B /* SignMessagePage.swift */,
				5F30B9582B3EA00100936F5B /* LogoutTestViewController.swift */,
				5F30B9592B3EA00100936F5B /* SwitchChainViewController.swift */,
			);
			path = VC;
			sourceTree = "<group>";
		};
		5FABA4BD2A7757AD008F7D57 = {
			isa = PBXGroup;
			children = (
				5FABA4C82A7757AD008F7D57 /* Demo */,
				5FABA4C72A7757AD008F7D57 /* Products */,
				17B4C308E06C3B22A1254DC0 /* Pods */,
				69104000300401E4FDC1305E /* Frameworks */,
			);
			sourceTree = "<group>";
		};
		5FABA4C72A7757AD008F7D57 /* Products */ = {
			isa = PBXGroup;
			children = (
				5FABA4C62A7757AD008F7D57 /* Demo.app */,
			);
			name = Products;
			sourceTree = "<group>";
		};
		5FABA4C82A7757AD008F7D57 /* Demo */ = {
			isa = PBXGroup;
			children = (
				5FABA4C92A7757AD008F7D57 /* AppDelegate.swift */,
				5FABA4CB2A7757AD008F7D57 /* SceneDelegate.swift */,
				5FABA4DD2A7758D3008F7D57 /* Sources */,
				5FABA4CF2A7757AD008F7D57 /* Main.storyboard */,
				5FABA4D22A7757AE008F7D57 /* Assets.xcassets */,
				5FABA4D42A7757AE008F7D57 /* LaunchScreen.storyboard */,
				5FABA4D72A7757AE008F7D57 /* Info.plist */,
				5FABA4F82A775C7D008F7D57 /* ParticleNetwork-Info.plist */,
			);
			path = Demo;
			sourceTree = "<group>";
		};
		5FABA4DD2A7758D3008F7D57 /* Sources */ = {
			isa = PBXGroup;
			children = (
				5F30B96B2B3EA02100936F5B /* ToastTest.swift */,
				5F30B94D2B3EA00100936F5B /* VC */,
				5F30B9472B3EA00000936F5B /* View */,
			);
			path = Sources;
			sourceTree = "<group>";
		};
		69104000300401E4FDC1305E /* Frameworks */ = {
			isa = PBXGroup;
			children = (
				F06720E780DA9B7BA63AB2FD /* Pods_Demo.framework */,
			);
			name = Frameworks;
			sourceTree = "<group>";
		};
/* End PBXGroup section */

/* Begin PBXNativeTarget section */
		5FABA4C52A7757AD008F7D57 /* Demo */ = {
			isa = PBXNativeTarget;
			buildConfigurationList = 5FABA4DA2A7757AE008F7D57 /* Build configuration list for PBXNativeTarget "Demo" */;
			buildPhases = (
				72CC33C261E68E8AE8594A2D /* [CP] Check Pods Manifest.lock */,
				5FABA4C22A7757AD008F7D57 /* Sources */,
				5FABA4C32A7757AD008F7D57 /* Frameworks */,
				5FABA4C42A7757AD008F7D57 /* Resources */,
				6144812A6BC0795A8ACF96A7 /* [CP] Embed Pods Frameworks */,
				0320EFAC54AFD1DC52F9FB64 /* [CP] Copy Pods Resources */,
			);
			buildRules = (
			);
			dependencies = (
			);
			name = Demo;
			productName = Demo;
			productReference = 5FABA4C62A7757AD008F7D57 /* Demo.app */;
			productType = "com.apple.product-type.application";
		};
/* End PBXNativeTarget section */

/* Begin PBXProject section */
		5FABA4BE2A7757AD008F7D57 /* Project object */ = {
			isa = PBXProject;
			attributes = {
				BuildIndependentTargetsInParallel = 1;
				LastSwiftUpdateCheck = 1420;
				LastUpgradeCheck = 1420;
				TargetAttributes = {
					5FABA4C52A7757AD008F7D57 = {
						CreatedOnToolsVersion = 14.2;
					};
				};
			};
			buildConfigurationList = 5FABA4C12A7757AD008F7D57 /* Build configuration list for PBXProject "Demo" */;
			compatibilityVersion = "Xcode 14.0";
			developmentRegion = en;
			hasScannedForEncodings = 0;
			knownRegions = (
				en,
				Base,
			);
			mainGroup = 5FABA4BD2A7757AD008F7D57;
			productRefGroup = 5FABA4C72A7757AD008F7D57 /* Products */;
			projectDirPath = "";
			projectRoot = "";
			targets = (
				5FABA4C52A7757AD008F7D57 /* Demo */,
			);
		};
/* End PBXProject section */

/* Begin PBXResourcesBuildPhase section */
		5FABA4C42A7757AD008F7D57 /* Resources */ = {
			isa = PBXResourcesBuildPhase;
			buildActionMask = 2147483647;
			files = (
				5FABA4D62A7757AE008F7D57 /* LaunchScreen.storyboard in Resources */,
				5FABA4D32A7757AE008F7D57 /* Assets.xcassets in Resources */,
				5FABA4D12A7757AD008F7D57 /* Main.storyboard in Resources */,
				5FABA4F92A775C7D008F7D57 /* ParticleNetwork-Info.plist in Resources */,
			);
			runOnlyForDeploymentPostprocessing = 0;
		};
/* End PBXResourcesBuildPhase section */

/* Begin PBXShellScriptBuildPhase section */
		0320EFAC54AFD1DC52F9FB64 /* [CP] Copy Pods Resources */ = {
			isa = PBXShellScriptBuildPhase;
			buildActionMask = 2147483647;
			files = (
			);
			inputFileListPaths = (
				"${PODS_ROOT}/Target Support Files/Pods-Demo/Pods-Demo-resources-${CONFIGURATION}-input-files.xcfilelist",
			);
			name = "[CP] Copy Pods Resources";
			outputFileListPaths = (
				"${PODS_ROOT}/Target Support Files/Pods-Demo/Pods-Demo-resources-${CONFIGURATION}-output-files.xcfilelist",
			);
			runOnlyForDeploymentPostprocessing = 0;
			shellPath = /bin/sh;
			shellScript = "\"${PODS_ROOT}/Target Support Files/Pods-Demo/Pods-Demo-resources.sh\"\n";
			showEnvVarsInLog = 0;
		};
		6144812A6BC0795A8ACF96A7 /* [CP] Embed Pods Frameworks */ = {
			isa = PBXShellScriptBuildPhase;
			buildActionMask = 2147483647;
			files = (
			);
			inputFileListPaths = (
				"${PODS_ROOT}/Target Support Files/Pods-Demo/Pods-Demo-frameworks-${CONFIGURATION}-input-files.xcfilelist",
			);
			name = "[CP] Embed Pods Frameworks";
			outputFileListPaths = (
				"${PODS_ROOT}/Target Support Files/Pods-Demo/Pods-Demo-frameworks-${CONFIGURATION}-output-files.xcfilelist",
			);
			runOnlyForDeploymentPostprocessing = 0;
			shellPath = /bin/sh;
			shellScript = "\"${PODS_ROOT}/Target Support Files/Pods-Demo/Pods-Demo-frameworks.sh\"\n";
			showEnvVarsInLog = 0;
		};
		72CC33C261E68E8AE8594A2D /* [CP] Check Pods Manifest.lock */ = {
			isa = PBXShellScriptBuildPhase;
			buildActionMask = 2147483647;
			files = (
			);
			inputFileListPaths = (
			);
			inputPaths = (
				"${PODS_PODFILE_DIR_PATH}/Podfile.lock",
				"${PODS_ROOT}/Manifest.lock",
			);
			name = "[CP] Check Pods Manifest.lock";
			outputFileListPaths = (
			);
			outputPaths = (
				"$(DERIVED_FILE_DIR)/Pods-Demo-checkManifestLockResult.txt",
			);
			runOnlyForDeploymentPostprocessing = 0;
			shellPath = /bin/sh;
			shellScript = "diff \"${PODS_PODFILE_DIR_PATH}/Podfile.lock\" \"${PODS_ROOT}/Manifest.lock\" > /dev/null\nif [ $? != 0 ] ; then\n    # print error to STDERR\n    echo \"error: The sandbox is not in sync with the Podfile.lock. Run 'pod install' or update your CocoaPods installation.\" >&2\n    exit 1\nfi\n# This output is used by Xcode 'outputs' to avoid re-running this script phase.\necho \"SUCCESS\" > \"${SCRIPT_OUTPUT_FILE_0}\"\n";
			showEnvVarsInLog = 0;
		};
/* End PBXShellScriptBuildPhase section */

/* Begin PBXSourcesBuildPhase section */
		5FABA4C22A7757AD008F7D57 /* Sources */ = {
			isa = PBXSourcesBuildPhase;
			buildActionMask = 2147483647;
			files = (
				5F30B9672B3EA00100936F5B /* LoginTestViewController.swift in Sources */,
				5F30B95D2B3EA00100936F5B /* LoginPresetCell.swift in Sources */,
				5F30B9642B3EA00100936F5B /* MainViewController.swift in Sources */,
				5F30B95A2B3EA00100936F5B /* LoginEmailCell.swift in Sources */,
				5F30B96E2B3EA09B00936F5B /* LoginHeaderView.swift in Sources */,
				5FABA4CA2A7757AD008F7D57 /* AppDelegate.swift in Sources */,
				5F30B9682B3EA00100936F5B /* SignMessagePage.swift in Sources */,
				5F30B95E2B3EA00100936F5B /* LoginSocialCell.swift in Sources */,
				5F30B9612B3EA00100936F5B /* SolanaWalletSignTestViewController.swift in Sources */,
				5F30B9692B3EA00100936F5B /* LogoutTestViewController.swift in Sources */,
				5F30B96C2B3EA02100936F5B /* ToastTest.swift in Sources */,
				5F30B95F2B3EA00100936F5B /* LanguageTestViewController.swift in Sources */,
				5F30B95B2B3EA00100936F5B /* SignCell.swift in Sources */,
				5F30B9602B3EA00100936F5B /* HelperTestViewController.swift in Sources */,
				5F30B95C2B3EA00100936F5B /* LoginJWTCell.swift in Sources */,
				5F30B9662B3EA00100936F5B /* TestViewController.swift in Sources */,
				5F30B96A2B3EA00100936F5B /* SwitchChainViewController.swift in Sources */,
				5FABA4CC2A7757AD008F7D57 /* SceneDelegate.swift in Sources */,
				5F30B9632B3EA00100936F5B /* ApperanceTestViewController.swift in Sources */,
				5F30B9652B3EA00100936F5B /* OtherAPITestViewController.swift in Sources */,
				5F30B9622B3EA00100936F5B /* EVMWalletSignTestViewController.swift in Sources */,
			);
			runOnlyForDeploymentPostprocessing = 0;
		};
/* End PBXSourcesBuildPhase section */

/* Begin PBXVariantGroup section */
		5FABA4CF2A7757AD008F7D57 /* Main.storyboard */ = {
			isa = PBXVariantGroup;
			children = (
				5FABA4D02A7757AD008F7D57 /* Base */,
			);
			name = Main.storyboard;
			sourceTree = "<group>";
		};
		5FABA4D42A7757AE008F7D57 /* LaunchScreen.storyboard */ = {
			isa = PBXVariantGroup;
			children = (
				5FABA4D52A7757AE008F7D57 /* Base */,
			);
			name = LaunchScreen.storyboard;
			sourceTree = "<group>";
		};
/* End PBXVariantGroup section */

/* Begin XCBuildConfiguration section */
		5FABA4D82A7757AE008F7D57 /* Debug */ = {
			isa = XCBuildConfiguration;
			buildSettings = {
				ALWAYS_SEARCH_USER_PATHS = NO;
				CLANG_ANALYZER_NONNULL = YES;
				CLANG_ANALYZER_NUMBER_OBJECT_CONVERSION = YES_AGGRESSIVE;
				CLANG_CXX_LANGUAGE_STANDARD = "gnu++20";
				CLANG_ENABLE_MODULES = YES;
				CLANG_ENABLE_OBJC_ARC = YES;
				CLANG_ENABLE_OBJC_WEAK = YES;
				CLANG_WARN_BLOCK_CAPTURE_AUTORELEASING = YES;
				CLANG_WARN_BOOL_CONVERSION = YES;
				CLANG_WARN_COMMA = YES;
				CLANG_WARN_CONSTANT_CONVERSION = YES;
				CLANG_WARN_DEPRECATED_OBJC_IMPLEMENTATIONS = YES;
				CLANG_WARN_DIRECT_OBJC_ISA_USAGE = YES_ERROR;
				CLANG_WARN_DOCUMENTATION_COMMENTS = YES;
				CLANG_WARN_EMPTY_BODY = YES;
				CLANG_WARN_ENUM_CONVERSION = YES;
				CLANG_WARN_INFINITE_RECURSION = YES;
				CLANG_WARN_INT_CONVERSION = YES;
				CLANG_WARN_NON_LITERAL_NULL_CONVERSION = YES;
				CLANG_WARN_OBJC_IMPLICIT_RETAIN_SELF = YES;
				CLANG_WARN_OBJC_LITERAL_CONVERSION = YES;
				CLANG_WARN_OBJC_ROOT_CLASS = YES_ERROR;
				CLANG_WARN_QUOTED_INCLUDE_IN_FRAMEWORK_HEADER = YES;
				CLANG_WARN_RANGE_LOOP_ANALYSIS = YES;
				CLANG_WARN_STRICT_PROTOTYPES = YES;
				CLANG_WARN_SUSPICIOUS_MOVE = YES;
				CLANG_WARN_UNGUARDED_AVAILABILITY = YES_AGGRESSIVE;
				CLANG_WARN_UNREACHABLE_CODE = YES;
				CLANG_WARN__DUPLICATE_METHOD_MATCH = YES;
				COPY_PHASE_STRIP = NO;
				DEBUG_INFORMATION_FORMAT = dwarf;
				ENABLE_STRICT_OBJC_MSGSEND = YES;
				ENABLE_TESTABILITY = YES;
				GCC_C_LANGUAGE_STANDARD = gnu11;
				GCC_DYNAMIC_NO_PIC = NO;
				GCC_NO_COMMON_BLOCKS = YES;
				GCC_OPTIMIZATION_LEVEL = 0;
				GCC_PREPROCESSOR_DEFINITIONS = (
					"DEBUG=1",
					"$(inherited)",
				);
				GCC_WARN_64_TO_32_BIT_CONVERSION = YES;
				GCC_WARN_ABOUT_RETURN_TYPE = YES_ERROR;
				GCC_WARN_UNDECLARED_SELECTOR = YES;
				GCC_WARN_UNINITIALIZED_AUTOS = YES_AGGRESSIVE;
				GCC_WARN_UNUSED_FUNCTION = YES;
				GCC_WARN_UNUSED_VARIABLE = YES;
				IPHONEOS_DEPLOYMENT_TARGET = 14.0;
				MTL_ENABLE_DEBUG_INFO = INCLUDE_SOURCE;
				MTL_FAST_MATH = YES;
				ONLY_ACTIVE_ARCH = YES;
				SDKROOT = iphoneos;
				SWIFT_ACTIVE_COMPILATION_CONDITIONS = DEBUG;
				SWIFT_OPTIMIZATION_LEVEL = "-Onone";
			};
			name = Debug;
		};
		5FABA4D92A7757AE008F7D57 /* Release */ = {
			isa = XCBuildConfiguration;
			buildSettings = {
				ALWAYS_SEARCH_USER_PATHS = NO;
				CLANG_ANALYZER_NONNULL = YES;
				CLANG_ANALYZER_NUMBER_OBJECT_CONVERSION = YES_AGGRESSIVE;
				CLANG_CXX_LANGUAGE_STANDARD = "gnu++20";
				CLANG_ENABLE_MODULES = YES;
				CLANG_ENABLE_OBJC_ARC = YES;
				CLANG_ENABLE_OBJC_WEAK = YES;
				CLANG_WARN_BLOCK_CAPTURE_AUTORELEASING = YES;
				CLANG_WARN_BOOL_CONVERSION = YES;
				CLANG_WARN_COMMA = YES;
				CLANG_WARN_CONSTANT_CONVERSION = YES;
				CLANG_WARN_DEPRECATED_OBJC_IMPLEMENTATIONS = YES;
				CLANG_WARN_DIRECT_OBJC_ISA_USAGE = YES_ERROR;
				CLANG_WARN_DOCUMENTATION_COMMENTS = YES;
				CLANG_WARN_EMPTY_BODY = YES;
				CLANG_WARN_ENUM_CONVERSION = YES;
				CLANG_WARN_INFINITE_RECURSION = YES;
				CLANG_WARN_INT_CONVERSION = YES;
				CLANG_WARN_NON_LITERAL_NULL_CONVERSION = YES;
				CLANG_WARN_OBJC_IMPLICIT_RETAIN_SELF = YES;
				CLANG_WARN_OBJC_LITERAL_CONVERSION = YES;
				CLANG_WARN_OBJC_ROOT_CLASS = YES_ERROR;
				CLANG_WARN_QUOTED_INCLUDE_IN_FRAMEWORK_HEADER = YES;
				CLANG_WARN_RANGE_LOOP_ANALYSIS = YES;
				CLANG_WARN_STRICT_PROTOTYPES = YES;
				CLANG_WARN_SUSPICIOUS_MOVE = YES;
				CLANG_WARN_UNGUARDED_AVAILABILITY = YES_AGGRESSIVE;
				CLANG_WARN_UNREACHABLE_CODE = YES;
				CLANG_WARN__DUPLICATE_METHOD_MATCH = YES;
				COPY_PHASE_STRIP = NO;
				DEBUG_INFORMATION_FORMAT = "dwarf-with-dsym";
				ENABLE_NS_ASSERTIONS = NO;
				ENABLE_STRICT_OBJC_MSGSEND = YES;
				GCC_C_LANGUAGE_STANDARD = gnu11;
				GCC_NO_COMMON_BLOCKS = YES;
				GCC_WARN_64_TO_32_BIT_CONVERSION = YES;
				GCC_WARN_ABOUT_RETURN_TYPE = YES_ERROR;
				GCC_WARN_UNDECLARED_SELECTOR = YES;
				GCC_WARN_UNINITIALIZED_AUTOS = YES_AGGRESSIVE;
				GCC_WARN_UNUSED_FUNCTION = YES;
				GCC_WARN_UNUSED_VARIABLE = YES;
				IPHONEOS_DEPLOYMENT_TARGET = 14.0;
				MTL_ENABLE_DEBUG_INFO = NO;
				MTL_FAST_MATH = YES;
				SDKROOT = iphoneos;
				SWIFT_COMPILATION_MODE = wholemodule;
				SWIFT_OPTIMIZATION_LEVEL = "-O";
				VALIDATE_PRODUCT = YES;
			};
			name = Release;
		};
		5FABA4DB2A7757AE008F7D57 /* Debug */ = {
			isa = XCBuildConfiguration;
			baseConfigurationReference = C7AEFE0172E98BC35192F024 /* Pods-Demo.debug.xcconfig */;
			buildSettings = {
				ASSETCATALOG_COMPILER_APPICON_NAME = AppIcon;
				ASSETCATALOG_COMPILER_GLOBAL_ACCENT_COLOR_NAME = AccentColor;
				CODE_SIGN_STYLE = Automatic;
				CURRENT_PROJECT_VERSION = 1;
				DEVELOPMENT_TEAM = TS2Y2QXMF3;
				GENERATE_INFOPLIST_FILE = YES;
				INFOPLIST_FILE = Demo/Info.plist;
				INFOPLIST_KEY_NSFaceIDUsageDescription = "We use Face ID for secure access to the app.";
				INFOPLIST_KEY_UIApplicationSupportsIndirectInputEvents = YES;
				INFOPLIST_KEY_UILaunchStoryboardName = LaunchScreen;
				INFOPLIST_KEY_UIMainStoryboardFile = Main;
				INFOPLIST_KEY_UISupportedInterfaceOrientations = UIInterfaceOrientationPortrait;
				LD_RUNPATH_SEARCH_PATHS = (
					"$(inherited)",
					"@executable_path/Frameworks",
				);
				MARKETING_VERSION = 1.3.8;
				PRODUCT_BUNDLE_IDENTIFIER = com.ultiverse.auth.example.Demo;
				PRODUCT_NAME = "$(TARGET_NAME)";
				SWIFT_EMIT_LOC_STRINGS = YES;
				SWIFT_VERSION = 5.0;
				TARGETED_DEVICE_FAMILY = "1,2";
			};
			name = Debug;
		};
		5FABA4DC2A7757AE008F7D57 /* Release */ = {
			isa = XCBuildConfiguration;
			baseConfigurationReference = 85B80309DAE2B8A6A0C809B4 /* Pods-Demo.release.xcconfig */;
			buildSettings = {
				ASSETCATALOG_COMPILER_APPICON_NAME = AppIcon;
				ASSETCATALOG_COMPILER_GLOBAL_ACCENT_COLOR_NAME = AccentColor;
				CODE_SIGN_STYLE = Automatic;
				CURRENT_PROJECT_VERSION = 1;
				DEVELOPMENT_TEAM = TS2Y2QXMF3;
				GENERATE_INFOPLIST_FILE = YES;
				INFOPLIST_FILE = Demo/Info.plist;
				INFOPLIST_KEY_NSFaceIDUsageDescription = "We use Face ID for secure access to the app.";
				INFOPLIST_KEY_UIApplicationSupportsIndirectInputEvents = YES;
				INFOPLIST_KEY_UILaunchStoryboardName = LaunchScreen;
				INFOPLIST_KEY_UIMainStoryboardFile = Main;
				INFOPLIST_KEY_UISupportedInterfaceOrientations = UIInterfaceOrientationPortrait;
				LD_RUNPATH_SEARCH_PATHS = (
					"$(inherited)",
					"@executable_path/Frameworks",
				);
				MARKETING_VERSION = 1.3.8;
				PRODUCT_BUNDLE_IDENTIFIER = com.ultiverse.auth.example.Demo;
				PRODUCT_NAME = "$(TARGET_NAME)";
				SWIFT_EMIT_LOC_STRINGS = YES;
				SWIFT_VERSION = 5.0;
				TARGETED_DEVICE_FAMILY = "1,2";
			};
			name = Release;
		};
/* End XCBuildConfiguration section */

/* Begin XCConfigurationList section */
		5FABA4C12A7757AD008F7D57 /* Build configuration list for PBXProject "Demo" */ = {
			isa = XCConfigurationList;
			buildConfigurations = (
				5FABA4D82A7757AE008F7D57 /* Debug */,
				5FABA4D92A7757AE008F7D57 /* Release */,
			);
			defaultConfigurationIsVisible = 0;
			defaultConfigurationName = Release;
		};
		5FABA4DA2A7757AE008F7D57 /* Build configuration list for PBXNativeTarget "Demo" */ = {
			isa = XCConfigurationList;
			buildConfigurations = (
				5FABA4DB2A7757AE008F7D57 /* Debug */,
				5FABA4DC2A7757AE008F7D57 /* Release */,
			);
			defaultConfigurationIsVisible = 0;
			defaultConfigurationName = Release;
		};
/* End XCConfigurationList section */
	};
	rootObject = 5FABA4BE2A7757AD008F7D57 /* Project object */;
}
