PODS:
  - Alamofire (5.8.1)
  - AuthCoreAdapter (1.3.7):
    - ConnectCommon
    - ParticleAuthCore
  - AWSCore (2.33.8)
  - AWSKMS (2.33.8):
    - AWSCore (= 2.33.8)
  - Base58.swift (1.0.2):
    - BigInt
  - BigInt (5.2.0)
  - ConnectCommon (0.2.16):
    - BigInt (~> 5.2.0)
    - ParticleNetworkBase
    - RxAlamofire (~> 6.1.1)
    - secp256k1.swift (~> 0.1)
    - SwiftyJSON (~> 5.0)
    - TweetNacl
  - CryptoSwift (1.8.1)
  - GRDB.swift (6.16.0):
    - GRDB.swift/standard (= 6.16.0)
  - GRDB.swift/standard (6.16.0)
  - libwebp (1.3.2):
    - libwebp/demux (= 1.3.2)
    - libwebp/mux (= 1.3.2)
    - libwebp/sharpyuv (= 1.3.2)
    - libwebp/webp (= 1.3.2)
  - libwebp/demux (1.3.2):
    - libwebp/webp
  - libwebp/mux (1.3.2):
    - libwebp/demux
  - libwebp/sharpyuv (1.3.2)
  - libwebp/webp (1.3.2):
    - libwebp/sharpyuv
  - ParticleAuthCore (1.3.7):
    - AWSKMS
    - ParticleMPCCore
    - ParticleNetworkBase
    - SDWebImage
    - SDWebImageWebPCoder
    - SkeletonView
    - SnapKit
    - SwiftMessages
    - Then
  - ParticleMPCCore (1.3.7):
    - Base58.swift
    - CryptoSwift
    - SwiftyJSON (~> 5.0)
    - Thresh
  - ParticleNetworkBase (1.3.10):
    - Base58.swift
    - BigInt (~> 5.2.0)
    - CryptoSwift
    - RxAlamofire (~> 6.1.1)
    - RxCocoa (= 6.6.0)
    - RxSwift (= 6.6.0)
    - SwiftyJSON (~> 5.0)
    - SwiftyUserDefaults (~> 5.3.0)
  - ParticleWalletAPI (1.3.10):
    - CryptoSwift
    - GRDB.swift (= 6.16.0)
    - ParticleNetworkBase
    - RxAlamofire (~> 6.1.1)
    - RxCocoa (= 6.6.0)
    - RxSwift (= 6.6.0)
    - SwiftyJSON (~> 5.0)
    - SwiftyUserDefaults (~> 5.3.0)
  - ProgressHUD (13.8.6)
  - RxAlamofire (6.1.1):
    - RxAlamofire/Core (= 6.1.1)
  - RxAlamofire/Core (6.1.1):
    - Alamofire (~> 5.4)
    - RxSwift (~> 6.0)
  - RxCocoa (6.6.0):
    - RxRelay (= 6.6.0)
    - RxSwift (= 6.6.0)
  - RxRelay (6.6.0):
    - RxSwift (= 6.6.0)
  - RxSwift (6.6.0)
  - SDWebImage (5.18.10):
    - SDWebImage/Core (= 5.18.10)
  - SDWebImage/Core (5.18.10)
  - SDWebImageWebPCoder (0.14.2):
    - libwebp (~> 1.0)
    - SDWebImage/Core (~> 5.17)
  - secp256k1.swift (0.1.4)
  - SkeletonView (1.30.4)
  - SnapKit (5.6.0)
  - SwiftMessages (9.0.9):
    - SwiftMessages/App (= 9.0.9)
  - SwiftMessages/App (9.0.9)
  - SwiftyJSON (5.0.1)
  - SwiftyUserDefaults (5.3.0)
  - Then (3.0.0)
  - Thresh (1.3.7)
  - TweetNacl (1.0.2)

DEPENDENCIES:
  - AuthCoreAdapter (= 1.3.7)
  - ConnectCommon (= 0.2.16)
  - ParticleAuthCore (= 1.3.7)
  - ParticleMPCCore (= 1.3.7)
  - ParticleNetworkBase (= 1.3.10)
  - ParticleWalletAPI (= 1.3.10)
  - ProgressHUD (= 13.8.6)
  - Thresh (= 1.3.7)

SPEC REPOS:
  https://github.com/CocoaPods/Specs.git:
    - Alamofire
    - AuthCoreAdapter
    - AWSCore
    - AWSKMS
    - Base58.swift
    - BigInt
    - ConnectCommon
    - CryptoSwift
    - GRDB.swift
    - libwebp
    - ParticleAuthCore
    - ParticleMPCCore
    - ParticleNetworkBase
    - ParticleWalletAPI
    - ProgressHUD
    - RxAlamofire
    - RxCocoa
    - RxRelay
    - RxSwift
    - SDWebImage
    - SDWebImageWebPCoder
    - secp256k1.swift
    - SkeletonView
    - SnapKit
    - SwiftMessages
    - SwiftyJSON
    - SwiftyUserDefaults
    - Then
    - Thresh
    - TweetNacl

SPEC CHECKSUMS:
  Alamofire: 3ca42e259043ee0dc5c0cdd76c4bc568b8e42af7
  AuthCoreAdapter: f07a853a246925be4630ebb0ea59ee990c516b9f
  AWSCore: dfd3136979a57bba64f4771db2e59ed97adb0d3c
  AWSKMS: f59286b9dab13d8e2047049195b80cd512d0f47a
  Base58.swift: e0e16655f9db843b8cd367593ed6f7d90d136b7f
  BigInt: f668a80089607f521586bbe29513d708491ef2f7
  ConnectCommon: 5b8b15f4334c5b6bed6226c733b3757c4ce0c480
  CryptoSwift: b9c701d6f5011df23794dbf7f2e480a77835d83d
  GRDB.swift: 7985834461bca2a3eaed615887daadf3864c779b
  libwebp: 1786c9f4ff8a279e4dac1e8f385004d5fc253009
  ParticleAuthCore: 8624c7f1d09e4bdd11b97e873a0b0441a08bdca6
  ParticleMPCCore: e56b26c5c33fa132f8e0b6324150a81daea76056
  ParticleNetworkBase: aa1f3c62bf5967543b2ed4dc6c1b9836f22055d5
  ParticleWalletAPI: 127e2eb050ce1cade82ccd17046abcbfc4026480
  ProgressHUD: ee8924300accca88bfa39f6350f757c1c869a69c
  RxAlamofire: beb75a1c452d0de225651db4903f5d29d034a620
  RxCocoa: 44a80de90e25b739b5aeaae3c8c371a32e3343cc
  RxRelay: 45eaa5db8ee4fb50e5ebd57deec0159e97fa51e6
  RxSwift: a4b44f7d24599f674deebd1818eab82e58410632
  SDWebImage: fc8f2d48bbfd72ef39d70e981bd24a3f3be53fec
  SDWebImageWebPCoder: 633b813fca24f1de5e076bcd7f720c038b23892b
  secp256k1.swift: a7e7a214f6db6ce5db32cc6b2b45e5c4dd633634
  SkeletonView: 5a050f6411e697abd4cda0a8d767013399dccd69
  SnapKit: e01d52ebb8ddbc333eefe2132acf85c8227d9c25
  SwiftMessages: 1a23aef303fa7bb26ad802880746cf8358e378fe
  SwiftyJSON: 2f33a42c6fbc52764d96f13368585094bfd8aa5e
  SwiftyUserDefaults: 63f80248cf5bfb3458825d9a78f2eb7e1293a040
  Then: 844265ae87834bbe1147d91d5d41a404da2ec27d
  Thresh: 8820725786d1e4c79c8ce54e9f409c3099bdbb9a
  TweetNacl: 3abf4d1d2082b0114e7a67410e300892448951e6

PODFILE CHECKSUM: f86ea06cac57cfe0102efa2703ea62a4fdbd87a8

COCOAPODS: 1.14.3
